// !$*UTF8*$!
{
	archiveVersion = 1;
	classes = {
	};
	objectVersion = 46;
	objects = {

/* Begin PBXBuildFile section */
		7708EB6E1E62AAEF0011A353 /* AppDelegate.swift in Sources */ = {isa = PBXBuildFile; fileRef = 7708EB6D1E62AAEF0011A353 /* AppDelegate.swift */; };
		7708EB701E62AAEF0011A353 /* MainVC.swift in Sources */ = {isa = PBXBuildFile; fileRef = 7708EB6F1E62AAEF0011A353 /* MainVC.swift */; };
		7708EB731E62AAEF0011A353 /* Main.storyboard in Resources */ = {isa = PBXBuildFile; fileRef = 7708EB711E62AAEF0011A353 /* Main.storyboard */; };
		7708EB761E62AAEF0011A353 /* DreamLister.xcdatamodeld in Sources */ = {isa = PBXBuildFile; fileRef = 7708EB741E62AAEF0011A353 /* DreamLister.xcdatamodeld */; };
		7708EB781E62AAEF0011A353 /* Assets.xcassets in Resources */ = {isa = PBXBuildFile; fileRef = 7708EB771E62AAEF0011A353 /* Assets.xcassets */; };
		7708EB7B1E62AAEF0011A353 /* LaunchScreen.storyboard in Resources */ = {isa = PBXBuildFile; fileRef = 7708EB791E62AAEF0011A353 /* LaunchScreen.storyboard */; };
		7708EB8A1E63DE580011A353 /* Image+CoreDataClass.swift in Sources */ = {isa = PBXBuildFile; fileRef = 7708EB821E63DE580011A353 /* Image+CoreDataClass.swift */; };
		7708EB8B1E63DE580011A353 /* Image+CoreDataProperties.swift in Sources */ = {isa = PBXBuildFile; fileRef = 7708EB831E63DE580011A353 /* Image+CoreDataProperties.swift */; };
		7708EB8C1E63DE580011A353 /* Item+CoreDataClass.swift in Sources */ = {isa = PBXBuildFile; fileRef = 7708EB841E63DE580011A353 /* Item+CoreDataClass.swift */; };
		7708EB8D1E63DE580011A353 /* Item+CoreDataProperties.swift in Sources */ = {isa = PBXBuildFile; fileRef = 7708EB851E63DE580011A353 /* Item+CoreDataProperties.swift */; };
		7708EB8E1E63DE580011A353 /* Store+CoreDataClass.swift in Sources */ = {isa = PBXBuildFile; fileRef = 7708EB861E63DE580011A353 /* Store+CoreDataClass.swift */; };
		7708EB8F1E63DE580011A353 /* Store+CoreDataProperties.swift in Sources */ = {isa = PBXBuildFile; fileRef = 7708EB871E63DE580011A353 /* Store+CoreDataProperties.swift */; };
		7708EB901E63DE580011A353 /* ItemType+CoreDataClass.swift in Sources */ = {isa = PBXBuildFile; fileRef = 7708EB881E63DE580011A353 /* ItemType+CoreDataClass.swift */; };
		7708EB911E63DE580011A353 /* ItemType+CoreDataProperties.swift in Sources */ = {isa = PBXBuildFile; fileRef = 7708EB891E63DE580011A353 /* ItemType+CoreDataProperties.swift */; };
/* End PBXBuildFile section */

/* Begin PBXFileReference section */
		7708EB6A1E62AAEF0011A353 /* DreamLister.app */ = {isa = PBXFileReference; explicitFileType = wrapper.application; includeInIndex = 0; path = DreamLister.app; sourceTree = BUILT_PRODUCTS_DIR; };
		7708EB6D1E62AAEF0011A353 /* AppDelegate.swift */ = {isa = PBXFileReference; lastKnownFileType = sourcecode.swift; path = AppDelegate.swift; sourceTree = "<group>"; };
		7708EB6F1E62AAEF0011A353 /* MainVC.swift */ = {isa = PBXFileReference; lastKnownFileType = sourcecode.swift; path = MainVC.swift; sourceTree = "<group>"; };
		7708EB721E62AAEF0011A353 /* Base */ = {isa = PBXFileReference; lastKnownFileType = file.storyboard; name = Base; path = Base.lproj/Main.storyboard; sourceTree = "<group>"; };
		7708EB751E62AAEF0011A353 /* DreamLister.xcdatamodel */ = {isa = PBXFileReference; lastKnownFileType = wrapper.xcdatamodel; path = DreamLister.xcdatamodel; sourceTree = "<group>"; };
		7708EB771E62AAEF0011A353 /* Assets.xcassets */ = {isa = PBXFileReference; lastKnownFileType = folder.assetcatalog; path = Assets.xcassets; sourceTree = "<group>"; };
		7708EB7A1E62AAEF0011A353 /* Base */ = {isa = PBXFileReference; lastKnownFileType = file.storyboard; name = Base; path = Base.lproj/LaunchScreen.storyboard; sourceTree = "<group>"; };
		7708EB7C1E62AAEF0011A353 /* Info.plist */ = {isa = PBXFileReference; lastKnownFileType = text.plist.xml; path = Info.plist; sourceTree = "<group>"; };
		7708EB821E63DE580011A353 /* Image+CoreDataClass.swift */ = {isa = PBXFileReference; fileEncoding = 4; lastKnownFileType = sourcecode.swift; path = "Image+CoreDataClass.swift"; sourceTree = "<group>"; };
		7708EB831E63DE580011A353 /* Image+CoreDataProperties.swift */ = {isa = PBXFileReference; fileEncoding = 4; lastKnownFileType = sourcecode.swift; path = "Image+CoreDataProperties.swift"; sourceTree = "<group>"; };
		7708EB841E63DE580011A353 /* Item+CoreDataClass.swift */ = {isa = PBXFileReference; fileEncoding = 4; lastKnownFileType = sourcecode.swift; path = "Item+CoreDataClass.swift"; sourceTree = "<group>"; };
		7708EB851E63DE580011A353 /* Item+CoreDataProperties.swift */ = {isa = PBXFileReference; fileEncoding = 4; lastKnownFileType = sourcecode.swift; path = "Item+CoreDataProperties.swift"; sourceTree = "<group>"; };
		7708EB861E63DE580011A353 /* Store+CoreDataClass.swift */ = {isa = PBXFileReference; fileEncoding = 4; lastKnownFileType = sourcecode.swift; path = "Store+CoreDataClass.swift"; sourceTree = "<group>"; };
		7708EB871E63DE580011A353 /* Store+CoreDataProperties.swift */ = {isa = PBXFileReference; fileEncoding = 4; lastKnownFileType = sourcecode.swift; path = "Store+CoreDataProperties.swift"; sourceTree = "<group>"; };
		7708EB881E63DE580011A353 /* ItemType+CoreDataClass.swift */ = {isa = PBXFileReference; fileEncoding = 4; lastKnownFileType = sourcecode.swift; path = "ItemType+CoreDataClass.swift"; sourceTree = "<group>"; };
		7708EB891E63DE580011A353 /* ItemType+CoreDataProperties.swift */ = {isa = PBXFileReference; fileEncoding = 4; lastKnownFileType = sourcecode.swift; path = "ItemType+CoreDataProperties.swift"; sourceTree = "<group>"; };
/* End PBXFileReference section */

/* Begin PBXFrameworksBuildPhase section */
		7708EB671E62AAEF0011A353 /* Frameworks */ = {
			isa = PBXFrameworksBuildPhase;
			buildActionMask = 2147483647;
			files = (
			);
			runOnlyForDeploymentPostprocessing = 0;
		};
/* End PBXFrameworksBuildPhase section */

/* Begin PBXGroup section */
		7708EB611E62AAEF0011A353 = {
			isa = PBXGroup;
			children = (
				7708EB6C1E62AAEF0011A353 /* DreamLister */,
				7708EB6B1E62AAEF0011A353 /* Products */,
			);
			sourceTree = "<group>";
		};
		7708EB6B1E62AAEF0011A353 /* Products */ = {
			isa = PBXGroup;
			children = (
				7708EB6A1E62AAEF0011A353 /* DreamLister.app */,
			);
			name = Products;
			sourceTree = "<group>";
		};
		7708EB6C1E62AAEF0011A353 /* DreamLister */ = {
			isa = PBXGroup;
			children = (
				7708EB921E63DEC10011A353 /* Model */,
				7708EB6D1E62AAEF0011A353 /* AppDelegate.swift */,
				7708EB6F1E62AAEF0011A353 /* MainVC.swift */,
				7708EB711E62AAEF0011A353 /* Main.storyboard */,
				7708EB771E62AAEF0011A353 /* Assets.xcassets */,
				7708EB791E62AAEF0011A353 /* LaunchScreen.storyboard */,
				7708EB7C1E62AAEF0011A353 /* Info.plist */,
				7708EB741E62AAEF0011A353 /* DreamLister.xcdatamodeld */,
			);
			path = DreamLister;
			sourceTree = "<group>";
		};
		7708EB921E63DEC10011A353 /* Model */ = {
			isa = PBXGroup;
			children = (
				7708EB821E63DE580011A353 /* Image+CoreDataClass.swift */,
				7708EB841E63DE580011A353 /* Item+CoreDataClass.swift */,
				7708EB881E63DE580011A353 /* ItemType+CoreDataClass.swift */,
				7708EB861E63DE580011A353 /* Store+CoreDataClass.swift */,
				7708EB941E63DF090011A353 /* Generated */,
			);
			name = Model;
			sourceTree = "<group>";
		};
		7708EB941E63DF090011A353 /* Generated */ = {
			isa = PBXGroup;
			children = (
				7708EB831E63DE580011A353 /* Image+CoreDataProperties.swift */,
				7708EB851E63DE580011A353 /* Item+CoreDataProperties.swift */,
				7708EB871E63DE580011A353 /* Store+CoreDataProperties.swift */,
				7708EB891E63DE580011A353 /* ItemType+CoreDataProperties.swift */,
			);
			name = Generated;
			sourceTree = "<group>";
		};
/* End PBXGroup section */

/* Begin PBXNativeTarget section */
		7708EB691E62AAEF0011A353 /* DreamLister */ = {
			isa = PBXNativeTarget;
			buildConfigurationList = 7708EB7F1E62AAEF0011A353 /* Build configuration list for PBXNativeTarget "DreamLister" */;
			buildPhases = (
				7708EB661E62AAEF0011A353 /* Sources */,
				7708EB671E62AAEF0011A353 /* Frameworks */,
				7708EB681E62AAEF0011A353 /* Resources */,
			);
			buildRules = (
			);
			dependencies = (
			);
			name = DreamLister;
			productName = DreamLister;
			productReference = 7708EB6A1E62AAEF0011A353 /* DreamLister.app */;
			productType = "com.apple.product-type.application";
		};
/* End PBXNativeTarget section */

/* Begin PBXProject section */
		7708EB621E62AAEF0011A353 /* Project object */ = {
			isa = PBXProject;
			attributes = {
				LastSwiftUpdateCheck = 0820;
				LastUpgradeCheck = 0820;
				ORGANIZATIONNAME = Buddytime;
				TargetAttributes = {
					7708EB691E62AAEF0011A353 = {
						CreatedOnToolsVersion = 8.2.1;
						ProvisioningStyle = Automatic;
					};
				};
			};
			buildConfigurationList = 7708EB651E62AAEF0011A353 /* Build configuration list for PBXProject "DreamLister" */;
			compatibilityVersion = "Xcode 3.2";
			developmentRegion = English;
			hasScannedForEncodings = 0;
			knownRegions = (
				en,
				Base,
			);
			mainGroup = 7708EB611E62AAEF0011A353;
			productRefGroup = 7708EB6B1E62AAEF0011A353 /* Products */;
			projectDirPath = "";
			projectRoot = "";
			targets = (
				7708EB691E62AAEF0011A353 /* DreamLister */,
			);
		};
/* End PBXProject section */

/* Begin PBXResourcesBuildPhase section */
		7708EB681E62AAEF0011A353 /* Resources */ = {
			isa = PBXResourcesBuildPhase;
			buildActionMask = 2147483647;
			files = (
				7708EB7B1E62AAEF0011A353 /* LaunchScreen.storyboard in Resources */,
				7708EB781E62AAEF0011A353 /* Assets.xcassets in Resources */,
				7708EB731E62AAEF0011A353 /* Main.storyboard in Resources */,
			);
			runOnlyForDeploymentPostprocessing = 0;
		};
/* End PBXResourcesBuildPhase section */

/* Begin PBXSourcesBuildPhase section */
		7708EB661E62AAEF0011A353 /* Sources */ = {
			isa = PBXSourcesBuildPhase;
			buildActionMask = 2147483647;
			files = (
				7708EB8D1E63DE580011A353 /* Item+CoreDataProperties.swift in Sources */,
				7708EB8C1E63DE580011A353 /* Item+CoreDataClass.swift in Sources */,
				7708EB901E63DE580011A353 /* ItemType+CoreDataClass.swift in Sources */,
				7708EB701E62AAEF0011A353 /* MainVC.swift in Sources */,
				7708EB8B1E63DE580011A353 /* Image+CoreDataProperties.swift in Sources */,
				7708EB8F1E63DE580011A353 /* Store+CoreDataProperties.swift in Sources */,
				7708EB6E1E62AAEF0011A353 /* AppDelegate.swift in Sources */,
				7708EB911E63DE580011A353 /* ItemType+CoreDataProperties.swift in Sources */,
				7708EB8E1E63DE580011A353 /* Store+CoreDataClass.swift in Sources */,
				7708EB761E62AAEF0011A353 /* DreamLister.xcdatamodeld in Sources */,
				7708EB8A1E63DE580011A353 /* Image+CoreDataClass.swift in Sources */,
			);
			runOnlyForDeploymentPostprocessing = 0;
		};
/* End PBXSourcesBuildPhase section */

/* Begin PBXVariantGroup section */
		7708EB711E62AAEF0011A353 /* Main.storyboard */ = {
			isa = PBXVariantGroup;
			children = (
				7708EB721E62AAEF0011A353 /* Base */,
			);
			name = Main.storyboard;
			sourceTree = "<group>";
		};
		7708EB791E62AAEF0011A353 /* LaunchScreen.storyboard */ = {
			isa = PBXVariantGroup;
			children = (
				7708EB7A1E62AAEF0011A353 /* Base */,
			);
			name = LaunchScreen.storyboard;
			sourceTree = "<group>";
		};
/* End PBXVariantGroup section */

/* Begin XCBuildConfiguration section */
		7708EB7D1E62AAEF0011A353 /* Debug */ = {
			isa = XCBuildConfiguration;
			buildSettings = {
				ALWAYS_SEARCH_USER_PATHS = NO;
				CLANG_ANALYZER_NONNULL = YES;
				CLANG_CXX_LANGUAGE_STANDARD = "gnu++0x";
				CLANG_CXX_LIBRARY = "libc++";
				CLANG_ENABLE_MODULES = YES;
				CLANG_ENABLE_OBJC_ARC = YES;
				CLANG_WARN_BOOL_CONVERSION = YES;
				CLANG_WARN_CONSTANT_CONVERSION = YES;
				CLANG_WARN_DIRECT_OBJC_ISA_USAGE = YES_ERROR;
				CLANG_WARN_DOCUMENTATION_COMMENTS = YES;
				CLANG_WARN_EMPTY_BODY = YES;
				CLANG_WARN_ENUM_CONVERSION = YES;
				CLANG_WARN_INFINITE_RECURSION = YES;
				CLANG_WARN_INT_CONVERSION = YES;
				CLANG_WARN_OBJC_ROOT_CLASS = YES_ERROR;
				CLANG_WARN_SUSPICIOUS_MOVE = YES;
				CLANG_WARN_UNREACHABLE_CODE = YES;
				CLANG_WARN__DUPLICATE_METHOD_MATCH = YES;
				"CODE_SIGN_IDENTITY[sdk=iphoneos*]" = "iPhone Developer";
				COPY_PHASE_STRIP = NO;
				DEBUG_INFORMATION_FORMAT = dwarf;
				ENABLE_STRICT_OBJC_MSGSEND = YES;
				ENABLE_TESTABILITY = YES;
				GCC_C_LANGUAGE_STANDARD = gnu99;
				GCC_DYNAMIC_NO_PIC = NO;
				GCC_NO_COMMON_BLOCKS = YES;
				GCC_OPTIMIZATION_LEVEL = 0;
				GCC_PREPROCESSOR_DEFINITIONS = (
					"DEBUG=1",
					"$(inherited)",
				);
				GCC_WARN_64_TO_32_BIT_CONVERSION = YES;
				GCC_WARN_ABOUT_RETURN_TYPE = YES_ERROR;
				GCC_WARN_UNDECLARED_SELECTOR = YES;
				GCC_WARN_UNINITIALIZED_AUTOS = YES_AGGRESSIVE;
				GCC_WARN_UNUSED_FUNCTION = YES;
				GCC_WARN_UNUSED_VARIABLE = YES;
				IPHONEOS_DEPLOYMENT_TARGET = 10.2;
				MTL_ENABLE_DEBUG_INFO = YES;
				ONLY_ACTIVE_ARCH = YES;
				SDKROOT = iphoneos;
				SWIFT_ACTIVE_COMPILATION_CONDITIONS = DEBUG;
				SWIFT_OPTIMIZATION_LEVEL = "-Onone";
				TARGETED_DEVICE_FAMILY = "1,2";
			};
			name = Debug;
		};
		7708EB7E1E62AAEF0011A353 /* Release */ = {
			isa = XCBuildConfiguration;
			buildSettings = {
				ALWAYS_SEARCH_USER_PATHS = NO;
				CLANG_ANALYZER_NONNULL = YES;
				CLANG_CXX_LANGUAGE_STANDARD = "gnu++0x";
				CLANG_CXX_LIBRARY = "libc++";
				CLANG_ENABLE_MODULES = YES;
				CLANG_ENABLE_OBJC_ARC = YES;
				CLANG_WARN_BOOL_CONVERSION = YES;
				CLANG_WARN_CONSTANT_CONVERSION = YES;
				CLANG_WARN_DIRECT_OBJC_ISA_USAGE = YES_ERROR;
				CLANG_WARN_DOCUMENTATION_COMMENTS = YES;
				CLANG_WARN_EMPTY_BODY = YES;
				CLANG_WARN_ENUM_CONVERSION = YES;
				CLANG_WARN_INFINITE_RECURSION = YES;
				CLANG_WARN_INT_CONVERSION = YES;
				CLANG_WARN_OBJC_ROOT_CLASS = YES_ERROR;
				CLANG_WARN_SUSPICIOUS_MOVE = YES;
				CLANG_WARN_UNREACHABLE_CODE = YES;
				CLANG_WARN__DUPLICATE_METHOD_MATCH = YES;
				"CODE_SIGN_IDENTITY[sdk=iphoneos*]" = "iPhone Developer";
				COPY_PHASE_STRIP = NO;
				DEBUG_INFORMATION_FORMAT = "dwarf-with-dsym";
				ENABLE_NS_ASSERTIONS = NO;
				ENABLE_STRICT_OBJC_MSGSEND = YES;
				GCC_C_LANGUAGE_STANDARD = gnu99;
				GCC_NO_COMMON_BLOCKS = YES;
				GCC_WARN_64_TO_32_BIT_CONVERSION = YES;
				GCC_WARN_ABOUT_RETURN_TYPE = YES_ERROR;
				GCC_WARN_UNDECLARED_SELECTOR = YES;
				GCC_WARN_UNINITIALIZED_AUTOS = YES_AGGRESSIVE;
				GCC_WARN_UNUSED_FUNCTION = YES;
				GCC_WARN_UNUSED_VARIABLE = YES;
				IPHONEOS_DEPLOYMENT_TARGET = 10.2;
				MTL_ENABLE_DEBUG_INFO = NO;
				SDKROOT = iphoneos;
				SWIFT_OPTIMIZATION_LEVEL = "-Owholemodule";
				TARGETED_DEVICE_FAMILY = "1,2";
				VALIDATE_PRODUCT = YES;
			};
			name = Release;
		};
		7708EB801E62AAEF0011A353 /* Debug */ = {
			isa = XCBuildConfiguration;
			buildSettings = {
				ASSETCATALOG_COMPILER_APPICON_NAME = AppIcon;
				INFOPLIST_FILE = DreamLister/Info.plist;
				LD_RUNPATH_SEARCH_PATHS = "$(inherited) @executable_path/Frameworks";
				PRODUCT_BUNDLE_IDENTIFIER = com.IVdevelopment.DreamLister;
				PRODUCT_NAME = "$(TARGET_NAME)";
				SWIFT_VERSION = 3.0;
			};
			name = Debug;
		};
		7708EB811E62AAEF0011A353 /* Release */ = {
			isa = XCBuildConfiguration;
			buildSettings = {
				ASSETCATALOG_COMPILER_APPICON_NAME = AppIcon;
				INFOPLIST_FILE = DreamLister/Info.plist;
				LD_RUNPATH_SEARCH_PATHS = "$(inherited) @executable_path/Frameworks";
				PRODUCT_BUNDLE_IDENTIFIER = com.IVdevelopment.DreamLister;
				PRODUCT_NAME = "$(TARGET_NAME)";
				SWIFT_VERSION = 3.0;
			};
			name = Release;
		};
/* End XCBuildConfiguration section */

/* Begin XCConfigurationList section */
		7708EB651E62AAEF0011A353 /* Build configuration list for PBXProject "DreamLister" */ = {
			isa = XCConfigurationList;
			buildConfigurations = (
				7708EB7D1E62AAEF0011A353 /* Debug */,
				7708EB7E1E62AAEF0011A353 /* Release */,
			);
			defaultConfigurationIsVisible = 0;
			defaultConfigurationName = Release;
		};
		7708EB7F1E62AAEF0011A353 /* Build configuration list for PBXNativeTarget "DreamLister" */ = {
			isa = XCConfigurationList;
			buildConfigurations = (
				7708EB801E62AAEF0011A353 /* Debug */,
				7708EB811E62AAEF0011A353 /* Release */,
			);
			defaultConfigurationIsVisible = 0;
			defaultConfigurationName = Release;
		};
/* End XCConfigurationList section */

/* Begin XCVersionGroup section */
		7708EB741E62AAEF0011A353 /* DreamLister.xcdatamodeld */ = {
			isa = XCVersionGroup;
			children = (
				7708EB751E62AAEF0011A353 /* DreamLister.xcdatamodel */,
			);
			currentVersion = 7708EB751E62AAEF0011A353 /* DreamLister.xcdatamodel */;
			path = DreamLister.xcdatamodeld;
			sourceTree = "<group>";
			versionGroupType = wrapper.xcdatamodel;
		};
/* End XCVersionGroup section */
	};
	rootObject = 7708EB621E62AAEF0011A353 /* Project object */;
}
